
Microsoft Visual Studio Solution File, Format Version 12.00
# Visual Studio Version 17
VisualStudioVersion = 17.10.34928.147
MinimumVisualStudioVersion = 10.0.40219.1
Project("{FAE04EC0-301F-11D3-BF4B-00C04F79EFBC}") = "LifeLine", "LifeLine\LifeLine.csproj", "{198D10AB-66FE-49D9-B0BE-12C1398442BF}"
EndProject
Global
	GlobalSection(SolutionConfigurationPlatforms) = preSolution
		Debug|Any CPU = Debug|Any CPU
		Release|Any CPU = Release|Any CPU
	EndGlobalSection
	GlobalSection(ProjectConfigurationPlatforms) = postSolution
		{198D10AB-66FE-49D9-B0BE-12C1398442BF}.Debug|Any CPU.ActiveCfg = Debug|Any CPU
		{198D10AB-66FE-49D9-B0BE-12C1398442BF}.Debug|Any CPU.Build.0 = Debug|Any CPU
		{198D10AB-66FE-49D9-B0BE-12C1398442BF}.Release|Any CPU.ActiveCfg = Release|Any CPU
		{198D10AB-66FE-49D9-B0BE-12C1398442BF}.Release|Any CPU.Build.0 = Release|Any CPU
	EndGlobalSection
	GlobalSection(SolutionProperties) = preSolution
		HideSolutionNode = FALSE
	EndGlobalSection
	GlobalSection(ExtensibilityGlobals) = postSolution
		SolutionGuid = {B55E38C3-87A3-4F4A-8270-F0D69B972C41}
	EndGlobalSection
EndGlobal
