
Microsoft Visual Studio Solution File, Format Version 12.00
# Visual Studio Version 17
VisualStudioVersion = 17.10.34928.147
MinimumVisualStudioVersion = 10.0.40219.1
Project("{2150E333-8FDC-42A3-9474-1A3956D46DE8}") = "legacy", "legacy", "{36D591C7-65C7-A0D1-1CBC-10CDE441BDC8}"
EndProject
Project("{FAE04EC0-301F-11D3-BF4B-00C04F79EFBC}") = "LifeLine", "legacy\LifeLine\LifeLine.csproj", "{9BAFDD13-7F5B-7E80-65FD-7ABF431DFA19}"
EndProject
Project("{2150E333-8FDC-42A3-9474-1A3956D46DE8}") = "deployment", "deployment", "{DCDE83D8-9C46-4EEB-8B3E-0F27AAD57685}"
EndProject
Project("{2150E333-8FDC-42A3-9474-1A3956D46DE8}") = "src", "src", "{834A2A2D-C54F-4F98-A4B0-9DF31F5D6408}"
EndProject
Project("{2150E333-8FDC-42A3-9474-1A3956D46DE8}") = "tests", "tests", "{1DEE2617-66C7-4480-9EFC-E9766837B4C6}"
EndProject
Project("{2150E333-8FDC-42A3-9474-1A3956D46DE8}") = "apps", "apps", "{60157730-2CAE-4406-8737-3C7069D99DBD}"
EndProject
Project("{2150E333-8FDC-42A3-9474-1A3956D46DE8}") = "clients", "clients", "{B4B111A4-BFF9-4F72-A1BB-FAA75CE540A1}"
EndProject
Project("{2150E333-8FDC-42A3-9474-1A3956D46DE8}") = "gateways", "gateways", "{9DB86DAA-08A6-425C-8A24-2EDC8AE2B71A}"
EndProject
Project("{2150E333-8FDC-42A3-9474-1A3956D46DE8}") = "services", "services", "{9548AABA-1AED-4338-B59E-1E5BE6AC09B1}"
EndProject
Project("{2150E333-8FDC-42A3-9474-1A3956D46DE8}") = "shared", "shared", "{4B02BBFB-CCC9-49CB-9779-16F0FF355104}"
EndProject
Project("{2150E333-8FDC-42A3-9474-1A3956D46DE8}") = "api", "api", "{5AAF6DF6-3E4C-4814-B138-3BEB8F1E358D}"
EndProject
Project("{2150E333-8FDC-42A3-9474-1A3956D46DE8}") = "clients", "clients", "{D1D60BC7-6D96-43EA-B2AA-D638169F0C2B}"
EndProject
Project("{2150E333-8FDC-42A3-9474-1A3956D46DE8}") = "infrastructure", "infrastructure", "{123FCCFA-547A-4314-AA62-87DE5504D85B}"
EndProject
Project("{2150E333-8FDC-42A3-9474-1A3956D46DE8}") = "ui", "ui", "{52FB0F38-875C-429E-8FB8-0BC78C7B29A9}"
EndProject
Project("{2150E333-8FDC-42A3-9474-1A3956D46DE8}") = "core", "core", "{6F977A9E-1025-4384-8AD6-8C33338B8D0C}"
EndProject
Project("{FAE04EC0-301F-11D3-BF4B-00C04F79EFBC}") = "Shared.Contracts", "src\shared\core\Shared.Contracts\Shared.Contracts.csproj", "{0DBB81D4-B53A-4193-86CD-692570857866}"
EndProject
Project("{FAE04EC0-301F-11D3-BF4B-00C04F79EFBC}") = "Shared.Domain", "src\shared\core\Shared.Domain\Shared.Domain.csproj", "{739B110E-2A40-4423-B076-8F4F75C85F68}"
EndProject
Project("{FAE04EC0-301F-11D3-BF4B-00C04F79EFBC}") = "Shared.Kernel", "src\shared\core\Shared.Kernel\Shared.Kernel.csproj", "{346B7831-2AEC-4D82-AC2D-6F44E3F00594}"
EndProject
Global
	GlobalSection(SolutionConfigurationPlatforms) = preSolution
		Debug|Any CPU = Debug|Any CPU
		Release|Any CPU = Release|Any CPU
	EndGlobalSection
	GlobalSection(ProjectConfigurationPlatforms) = postSolution
		{9BAFDD13-7F5B-7E80-65FD-7ABF431DFA19}.Debug|Any CPU.ActiveCfg = Debug|Any CPU
		{9BAFDD13-7F5B-7E80-65FD-7ABF431DFA19}.Debug|Any CPU.Build.0 = Debug|Any CPU
		{9BAFDD13-7F5B-7E80-65FD-7ABF431DFA19}.Release|Any CPU.ActiveCfg = Release|Any CPU
		{9BAFDD13-7F5B-7E80-65FD-7ABF431DFA19}.Release|Any CPU.Build.0 = Release|Any CPU
		{0DBB81D4-B53A-4193-86CD-692570857866}.Debug|Any CPU.ActiveCfg = Debug|Any CPU
		{0DBB81D4-B53A-4193-86CD-692570857866}.Debug|Any CPU.Build.0 = Debug|Any CPU
		{0DBB81D4-B53A-4193-86CD-692570857866}.Release|Any CPU.ActiveCfg = Release|Any CPU
		{0DBB81D4-B53A-4193-86CD-692570857866}.Release|Any CPU.Build.0 = Release|Any CPU
		{739B110E-2A40-4423-B076-8F4F75C85F68}.Debug|Any CPU.ActiveCfg = Debug|Any CPU
		{739B110E-2A40-4423-B076-8F4F75C85F68}.Debug|Any CPU.Build.0 = Debug|Any CPU
		{739B110E-2A40-4423-B076-8F4F75C85F68}.Release|Any CPU.ActiveCfg = Release|Any CPU
		{739B110E-2A40-4423-B076-8F4F75C85F68}.Release|Any CPU.Build.0 = Release|Any CPU
		{346B7831-2AEC-4D82-AC2D-6F44E3F00594}.Debug|Any CPU.ActiveCfg = Debug|Any CPU
		{346B7831-2AEC-4D82-AC2D-6F44E3F00594}.Debug|Any CPU.Build.0 = Debug|Any CPU
		{346B7831-2AEC-4D82-AC2D-6F44E3F00594}.Release|Any CPU.ActiveCfg = Release|Any CPU
		{346B7831-2AEC-4D82-AC2D-6F44E3F00594}.Release|Any CPU.Build.0 = Release|Any CPU
	EndGlobalSection
	GlobalSection(SolutionProperties) = preSolution
		HideSolutionNode = FALSE
	EndGlobalSection
	GlobalSection(NestedProjects) = preSolution
		{9BAFDD13-7F5B-7E80-65FD-7ABF431DFA19} = {36D591C7-65C7-A0D1-1CBC-10CDE441BDC8}
		{60157730-2CAE-4406-8737-3C7069D99DBD} = {834A2A2D-C54F-4F98-A4B0-9DF31F5D6408}
		{B4B111A4-BFF9-4F72-A1BB-FAA75CE540A1} = {834A2A2D-C54F-4F98-A4B0-9DF31F5D6408}
		{9DB86DAA-08A6-425C-8A24-2EDC8AE2B71A} = {834A2A2D-C54F-4F98-A4B0-9DF31F5D6408}
		{9548AABA-1AED-4338-B59E-1E5BE6AC09B1} = {834A2A2D-C54F-4F98-A4B0-9DF31F5D6408}
		{4B02BBFB-CCC9-49CB-9779-16F0FF355104} = {834A2A2D-C54F-4F98-A4B0-9DF31F5D6408}
		{5AAF6DF6-3E4C-4814-B138-3BEB8F1E358D} = {4B02BBFB-CCC9-49CB-9779-16F0FF355104}
		{D1D60BC7-6D96-43EA-B2AA-D638169F0C2B} = {4B02BBFB-CCC9-49CB-9779-16F0FF355104}
		{123FCCFA-547A-4314-AA62-87DE5504D85B} = {4B02BBFB-CCC9-49CB-9779-16F0FF355104}
		{52FB0F38-875C-429E-8FB8-0BC78C7B29A9} = {4B02BBFB-CCC9-49CB-9779-16F0FF355104}
		{6F977A9E-1025-4384-8AD6-8C33338B8D0C} = {4B02BBFB-CCC9-49CB-9779-16F0FF355104}
		{0DBB81D4-B53A-4193-86CD-692570857866} = {6F977A9E-1025-4384-8AD6-8C33338B8D0C}
		{739B110E-2A40-4423-B076-8F4F75C85F68} = {6F977A9E-1025-4384-8AD6-8C33338B8D0C}
		{346B7831-2AEC-4D82-AC2D-6F44E3F00594} = {6F977A9E-1025-4384-8AD6-8C33338B8D0C}
	EndGlobalSection
	GlobalSection(ExtensibilityGlobals) = postSolution
		SolutionGuid = {B55E38C3-87A3-4F4A-8270-F0D69B972C41}
	EndGlobalSection
EndGlobal
