
Microsoft Visual Studio Solution File, Format Version 12.00
# Visual Studio Version 18
VisualStudioVersion = 18.0.11205.157
MinimumVisualStudioVersion = 10.0.40219.1
Project("{2150E333-8FDC-42A3-9474-1A3956D46DE8}") = "legacy", "legacy", "{36D591C7-65C7-A0D1-1CBC-10CDE441BDC8}"
EndProject
Project("{FAE04EC0-301F-11D3-BF4B-00C04F79EFBC}") = "LifeLine", "legacy\LifeLine\LifeLine.csproj", "{9BAFDD13-7F5B-7E80-65FD-7ABF431DFA19}"
EndProject
Project("{2150E333-8FDC-42A3-9474-1A3956D46DE8}") = "deployment", "deployment", "{DCDE83D8-9C46-4EEB-8B3E-0F27AAD57685}"
EndProject
Project("{2150E333-8FDC-42A3-9474-1A3956D46DE8}") = "src", "src", "{834A2A2D-C54F-4F98-A4B0-9DF31F5D6408}"
EndProject
Project("{2150E333-8FDC-42A3-9474-1A3956D46DE8}") = "tests", "tests", "{1DEE2617-66C7-4480-9EFC-E9766837B4C6}"
EndProject
Project("{2150E333-8FDC-42A3-9474-1A3956D46DE8}") = "apps", "apps", "{60157730-2CAE-4406-8737-3C7069D99DBD}"
EndProject
Project("{2150E333-8FDC-42A3-9474-1A3956D46DE8}") = "clients", "clients", "{B4B111A4-BFF9-4F72-A1BB-FAA75CE540A1}"
EndProject
Project("{2150E333-8FDC-42A3-9474-1A3956D46DE8}") = "gateways", "gateways", "{9DB86DAA-08A6-425C-8A24-2EDC8AE2B71A}"
EndProject
Project("{2150E333-8FDC-42A3-9474-1A3956D46DE8}") = "services", "services", "{9548AABA-1AED-4338-B59E-1E5BE6AC09B1}"
EndProject
Project("{2150E333-8FDC-42A3-9474-1A3956D46DE8}") = "shared", "shared", "{4B02BBFB-CCC9-49CB-9779-16F0FF355104}"
EndProject
Project("{2150E333-8FDC-42A3-9474-1A3956D46DE8}") = "api", "api", "{5AAF6DF6-3E4C-4814-B138-3BEB8F1E358D}"
EndProject
Project("{2150E333-8FDC-42A3-9474-1A3956D46DE8}") = "clients", "clients", "{D1D60BC7-6D96-43EA-B2AA-D638169F0C2B}"
EndProject
Project("{2150E333-8FDC-42A3-9474-1A3956D46DE8}") = "infrastructure", "infrastructure", "{123FCCFA-547A-4314-AA62-87DE5504D85B}"
EndProject
Project("{2150E333-8FDC-42A3-9474-1A3956D46DE8}") = "ui", "ui", "{52FB0F38-875C-429E-8FB8-0BC78C7B29A9}"
EndProject
Project("{2150E333-8FDC-42A3-9474-1A3956D46DE8}") = "core", "core", "{6F977A9E-1025-4384-8AD6-8C33338B8D0C}"
EndProject
Project("{FAE04EC0-301F-11D3-BF4B-00C04F79EFBC}") = "Shared.Contracts", "src\shared\core\Shared.Contracts\Shared.Contracts.csproj", "{0DBB81D4-B53A-4193-86CD-692570857866}"
EndProject
Project("{FAE04EC0-301F-11D3-BF4B-00C04F79EFBC}") = "Shared.Domain", "src\shared\core\Shared.Domain\Shared.Domain.csproj", "{739B110E-2A40-4423-B076-8F4F75C85F68}"
EndProject
Project("{FAE04EC0-301F-11D3-BF4B-00C04F79EFBC}") = "Shared.Kernel", "src\shared\core\Shared.Kernel\Shared.Kernel.csproj", "{346B7831-2AEC-4D82-AC2D-6F44E3F00594}"
EndProject
Project("{FAE04EC0-301F-11D3-BF4B-00C04F79EFBC}") = "Shared.Http", "src\shared\infrastructure\Shared.Http\Shared.Http.csproj", "{0B0975E3-2615-4C8C-A933-CE76E581E2DF}"
EndProject
Project("{FAE04EC0-301F-11D3-BF4B-00C04F79EFBC}") = "Shared.Logging", "src\shared\core\Shared.Logging\Shared.Logging.csproj", "{59214297-0AB0-4E1F-B2C0-A425A5E660A5}"
EndProject
Project("{FAE04EC0-301F-11D3-BF4B-00C04F79EFBC}") = "Shared.Api.Infrastructure", "src\shared\api\Shared.Api.Infrastructure\Shared.Api.Infrastructure.csproj", "{34923151-1EAC-407A-9E89-514530A89B80}"
EndProject
Project("{2150E333-8FDC-42A3-9474-1A3956D46DE8}") = "EmployeeService", "EmployeeService", "{C4C12057-A6A2-4B20-B48D-A57D3541695B}"
EndProject
Project("{FAE04EC0-301F-11D3-BF4B-00C04F79EFBC}") = "LifeLine.Employee.Service.Api", "src\services\EmployeeService\LifeLine.Employee.Service.Api\LifeLine.Employee.Service.Api.csproj", "{73F909D3-9952-6B5E-0E51-A1B6B62AAAC6}"
EndProject
Project("{FAE04EC0-301F-11D3-BF4B-00C04F79EFBC}") = "LifeLine.Employee.Service.Application", "src\services\EmployeeService\LifeLine.Employee.Service.Application\LifeLine.Employee.Service.Application.csproj", "{A9CC1436-3160-D328-C7D2-2614517A5C77}"
EndProject
Project("{FAE04EC0-301F-11D3-BF4B-00C04F79EFBC}") = "LifeLine.Employee.Service.Domain", "src\services\EmployeeService\LifeLine.Employee.Service.Domain\LifeLine.Employee.Service.Domain.csproj", "{3015DD5B-601B-8F08-9935-FE5E8D8EA6EE}"
EndProject
Project("{FAE04EC0-301F-11D3-BF4B-00C04F79EFBC}") = "LifeLine.Employee.Service.Infrastructure", "src\services\EmployeeService\LifeLine.Employee.Service.Infrastructure\LifeLine.Employee.Service.Infrastructure.csproj", "{38F7A1A0-ED2F-B814-936D-42B8D56A229B}"
EndProject
Project("{FAE04EC0-301F-11D3-BF4B-00C04F79EFBC}") = "Shared.Api.Application", "src\shared\api\Shared.Api.Application\Shared.Api.Application.csproj", "{48ABCDE7-5A0D-4CF3-99AC-D9B990C57EC0}"
EndProject
Project("{2150E333-8FDC-42A3-9474-1A3956D46DE8}") = "Abstraction", "Abstraction", "{70C52397-1B05-4C3D-BED2-71C7BE838C3D}"
EndProject
Project("{FAE04EC0-301F-11D3-BF4B-00C04F79EFBC}") = "LifeLine.EmployeeService.Application.Abstraction", "src\services\EmployeeService\Abstraction\LifeLine.EmployeeService.Application.Abstraction\LifeLine.EmployeeService.Application.Abstraction.csproj", "{4BF03D44-AAB6-4F9F-B6A0-5C1A6582F8A2}"
EndProject
Project("{FAE04EC0-301F-11D3-BF4B-00C04F79EFBC}") = "Shared.Api", "src\shared\api\Shared.Api\Shared.Api.csproj", "{B3FAA4AB-C7A3-48EF-87F4-DBCEACFBF222}"
EndProject
Project("{2150E333-8FDC-42A3-9474-1A3956D46DE8}") = "DirectoryService", "DirectoryService", "{1A1A0BCB-3532-4E6F-A004-EFDC1774B38F}"
EndProject
Project("{FAE04EC0-301F-11D3-BF4B-00C04F79EFBC}") = "LifeLine.Directory.Service.Application", "src\services\DirectoryService\LifeLine.Directory.Service.Application\LifeLine.Directory.Service.Application.csproj", "{4E90153C-E12B-4AC2-ACD5-ED2601BF61A7}"
EndProject
Project("{FAE04EC0-301F-11D3-BF4B-00C04F79EFBC}") = "LifeLine.Directory.Service.Domain", "src\services\DirectoryService\LifeLine.Directory.Service.Domain\LifeLine.Directory.Service.Domain.csproj", "{E05BA467-0E24-4727-A4BC-56C75F8EE14F}"
EndProject
Project("{FAE04EC0-301F-11D3-BF4B-00C04F79EFBC}") = "LifeLine.Directory.Service.Infrastructure", "src\services\DirectoryService\LifeLine.Directory.Service.Infrastructure\LifeLine.Directory.Service.Infrastructure.csproj", "{9744F96A-DD05-4EDB-88CB-6386BA108690}"
EndProject
Project("{FAE04EC0-301F-11D3-BF4B-00C04F79EFBC}") = "LifeLine.Directory.Service.Api", "src\services\DirectoryService\LifeLine.Directory.Service.Api\LifeLine.Directory.Service.Api.csproj", "{0543D8CC-1BAA-4632-BD4D-7D2C07D0F934}"
EndProject
Project("{FAE04EC0-301F-11D3-BF4B-00C04F79EFBC}") = "LifeLine.Directory.Service.Client", "src\clients\LifeLine.Directory.Service.Client\LifeLine.Directory.Service.Client.csproj", "{3C413859-77E7-4999-A79D-7101B1C6E8FB}"
EndProject
Project("{FAE04EC0-301F-11D3-BF4B-00C04F79EFBC}") = "LifeLine.AdminPanel.Desktop", "src\apps\LifeLine.AdminPanel.Desktop\LifeLine.AdminPanel.Desktop.csproj", "{9AE4DBB6-91E6-49B0-9A5A-3CA0121E1D11}"
EndProject
Project("{FAE04EC0-301F-11D3-BF4B-00C04F79EFBC}") = "Shared.WPF", "src\shared\ui\Shared.WPF\Shared.WPF.csproj", "{E97AAB44-8A1E-49B2-8488-A3294FE86C49}"
EndProject
Project("{FAE04EC0-301F-11D3-BF4B-00C04F79EFBC}") = "LifeLine.User.Service.Client", "src\clients\LifeLine.User.Service.Client\LifeLine.User.Service.Client.csproj", "{26027EA0-0A8C-48C0-A2DD-411D2F3BFD5A}"
EndProject
Project("{FAE04EC0-301F-11D3-BF4B-00C04F79EFBC}") = "LifeLine.File.Service.Client", "src\clients\LifeLine.File.Service.Client\LifeLine.File.Service.Client.csproj", "{4EC411E7-D71A-49AD-A656-5FD0EBD7E642}"
EndProject
Project("{FAE04EC0-301F-11D3-BF4B-00C04F79EFBC}") = "LifeLine.HrPanel.Desktop", "src\apps\LifeLine.HrPanel.Desktop\LifeLine.HrPanel.Desktop.csproj", "{451DFF22-E40A-4F8F-A81E-60F8FD6E804A}"
EndProject
Project("{FAE04EC0-301F-11D3-BF4B-00C04F79EFBC}") = "LifeLine.Employee.Service.Client", "src\clients\LifeLine.Employee.Service.Client\LifeLine.Employee.Service.Client.csproj", "{ECED4570-C8EA-4EF4-8B34-60A463B7CCAF}"
EndProject
Project("{2150E333-8FDC-42A3-9474-1A3956D46DE8}") = "security", "security", "{53C3C7EC-D069-4719-A790-70BFAF5D892E}"
EndProject
Project("{FAE04EC0-301F-11D3-BF4B-00C04F79EFBC}") = "Shared.Client.Security.Abstraction", "src\shared\clients\security\Shared.Client.Security.Abstraction\Shared.Client.Security.Abstraction.csproj", "{5284D802-A4E7-4391-BF5C-A72080493E6E}"
EndProject
Project("{FAE04EC0-301F-11D3-BF4B-00C04F79EFBC}") = "Shared.Client.Security.Cryptography", "src\shared\clients\security\Shared.Client.Security.Cryptography\Shared.Client.Security.Cryptography.csproj", "{ACAE1CBA-7F3B-4E48-A50A-BBEE7060EB0A}"
EndProject
Project("{FAE04EC0-301F-11D3-BF4B-00C04F79EFBC}") = "Shared.Client.Security.SRP", "src\shared\clients\security\Shared.Client.Security.SRP\Shared.Client.Security.SRP.csproj", "{BF69C236-0A37-43AB-A18D-27667BACC3C6}"
EndProject
Project("{FAE04EC0-301F-11D3-BF4B-00C04F79EFBC}") = "Shared.Client.Security.Utilities", "src\shared\clients\security\Shared.Client.Security.Utilities\Shared.Client.Security.Utilities.csproj", "{3A9FCD07-7F4A-4C11-916C-8F683F06CA9F}"
EndProject
Project("{FAE04EC0-301F-11D3-BF4B-00C04F79EFBC}") = "Shared.Client.Security.Windows", "src\shared\clients\security\Shared.Client.Security.Windows\Shared.Client.Security.Windows.csproj", "{7EF82B80-F172-47FC-B804-B9FEC341E20A}"
EndProject
Global
	GlobalSection(SolutionConfigurationPlatforms) = preSolution
		Debug|Any CPU = Debug|Any CPU
		Release|Any CPU = Release|Any CPU
	EndGlobalSection
	GlobalSection(ProjectConfigurationPlatforms) = postSolution
		{9BAFDD13-7F5B-7E80-65FD-7ABF431DFA19}.Debug|Any CPU.ActiveCfg = Debug|Any CPU
		{9BAFDD13-7F5B-7E80-65FD-7ABF431DFA19}.Debug|Any CPU.Build.0 = Debug|Any CPU
		{9BAFDD13-7F5B-7E80-65FD-7ABF431DFA19}.Release|Any CPU.ActiveCfg = Release|Any CPU
		{9BAFDD13-7F5B-7E80-65FD-7ABF431DFA19}.Release|Any CPU.Build.0 = Release|Any CPU
		{0DBB81D4-B53A-4193-86CD-692570857866}.Debug|Any CPU.ActiveCfg = Debug|Any CPU
		{0DBB81D4-B53A-4193-86CD-692570857866}.Debug|Any CPU.Build.0 = Debug|Any CPU
		{0DBB81D4-B53A-4193-86CD-692570857866}.Release|Any CPU.ActiveCfg = Release|Any CPU
		{0DBB81D4-B53A-4193-86CD-692570857866}.Release|Any CPU.Build.0 = Release|Any CPU
		{739B110E-2A40-4423-B076-8F4F75C85F68}.Debug|Any CPU.ActiveCfg = Debug|Any CPU
		{739B110E-2A40-4423-B076-8F4F75C85F68}.Debug|Any CPU.Build.0 = Debug|Any CPU
		{739B110E-2A40-4423-B076-8F4F75C85F68}.Release|Any CPU.ActiveCfg = Release|Any CPU
		{739B110E-2A40-4423-B076-8F4F75C85F68}.Release|Any CPU.Build.0 = Release|Any CPU
		{346B7831-2AEC-4D82-AC2D-6F44E3F00594}.Debug|Any CPU.ActiveCfg = Debug|Any CPU
		{346B7831-2AEC-4D82-AC2D-6F44E3F00594}.Debug|Any CPU.Build.0 = Debug|Any CPU
		{346B7831-2AEC-4D82-AC2D-6F44E3F00594}.Release|Any CPU.ActiveCfg = Release|Any CPU
		{346B7831-2AEC-4D82-AC2D-6F44E3F00594}.Release|Any CPU.Build.0 = Release|Any CPU
		{0B0975E3-2615-4C8C-A933-CE76E581E2DF}.Debug|Any CPU.ActiveCfg = Debug|Any CPU
		{0B0975E3-2615-4C8C-A933-CE76E581E2DF}.Debug|Any CPU.Build.0 = Debug|Any CPU
		{0B0975E3-2615-4C8C-A933-CE76E581E2DF}.Release|Any CPU.ActiveCfg = Release|Any CPU
		{0B0975E3-2615-4C8C-A933-CE76E581E2DF}.Release|Any CPU.Build.0 = Release|Any CPU
		{59214297-0AB0-4E1F-B2C0-A425A5E660A5}.Debug|Any CPU.ActiveCfg = Debug|Any CPU
		{59214297-0AB0-4E1F-B2C0-A425A5E660A5}.Debug|Any CPU.Build.0 = Debug|Any CPU
		{59214297-0AB0-4E1F-B2C0-A425A5E660A5}.Release|Any CPU.ActiveCfg = Release|Any CPU
		{59214297-0AB0-4E1F-B2C0-A425A5E660A5}.Release|Any CPU.Build.0 = Release|Any CPU
		{34923151-1EAC-407A-9E89-514530A89B80}.Debug|Any CPU.ActiveCfg = Debug|Any CPU
		{34923151-1EAC-407A-9E89-514530A89B80}.Debug|Any CPU.Build.0 = Debug|Any CPU
		{34923151-1EAC-407A-9E89-514530A89B80}.Release|Any CPU.ActiveCfg = Release|Any CPU
		{34923151-1EAC-407A-9E89-514530A89B80}.Release|Any CPU.Build.0 = Release|Any CPU
		{73F909D3-9952-6B5E-0E51-A1B6B62AAAC6}.Debug|Any CPU.ActiveCfg = Debug|Any CPU
		{73F909D3-9952-6B5E-0E51-A1B6B62AAAC6}.Debug|Any CPU.Build.0 = Debug|Any CPU
		{73F909D3-9952-6B5E-0E51-A1B6B62AAAC6}.Release|Any CPU.ActiveCfg = Release|Any CPU
		{73F909D3-9952-6B5E-0E51-A1B6B62AAAC6}.Release|Any CPU.Build.0 = Release|Any CPU
		{A9CC1436-3160-D328-C7D2-2614517A5C77}.Debug|Any CPU.ActiveCfg = Debug|Any CPU
		{A9CC1436-3160-D328-C7D2-2614517A5C77}.Debug|Any CPU.Build.0 = Debug|Any CPU
		{A9CC1436-3160-D328-C7D2-2614517A5C77}.Release|Any CPU.ActiveCfg = Release|Any CPU
		{A9CC1436-3160-D328-C7D2-2614517A5C77}.Release|Any CPU.Build.0 = Release|Any CPU
		{3015DD5B-601B-8F08-9935-FE5E8D8EA6EE}.Debug|Any CPU.ActiveCfg = Debug|Any CPU
		{3015DD5B-601B-8F08-9935-FE5E8D8EA6EE}.Debug|Any CPU.Build.0 = Debug|Any CPU
		{3015DD5B-601B-8F08-9935-FE5E8D8EA6EE}.Release|Any CPU.ActiveCfg = Release|Any CPU
		{3015DD5B-601B-8F08-9935-FE5E8D8EA6EE}.Release|Any CPU.Build.0 = Release|Any CPU
		{38F7A1A0-ED2F-B814-936D-42B8D56A229B}.Debug|Any CPU.ActiveCfg = Debug|Any CPU
		{38F7A1A0-ED2F-B814-936D-42B8D56A229B}.Debug|Any CPU.Build.0 = Debug|Any CPU
		{38F7A1A0-ED2F-B814-936D-42B8D56A229B}.Release|Any CPU.ActiveCfg = Release|Any CPU
		{38F7A1A0-ED2F-B814-936D-42B8D56A229B}.Release|Any CPU.Build.0 = Release|Any CPU
		{48ABCDE7-5A0D-4CF3-99AC-D9B990C57EC0}.Debug|Any CPU.ActiveCfg = Debug|Any CPU
		{48ABCDE7-5A0D-4CF3-99AC-D9B990C57EC0}.Debug|Any CPU.Build.0 = Debug|Any CPU
		{48ABCDE7-5A0D-4CF3-99AC-D9B990C57EC0}.Release|Any CPU.ActiveCfg = Release|Any CPU
		{48ABCDE7-5A0D-4CF3-99AC-D9B990C57EC0}.Release|Any CPU.Build.0 = Release|Any CPU
		{4BF03D44-AAB6-4F9F-B6A0-5C1A6582F8A2}.Debug|Any CPU.ActiveCfg = Debug|Any CPU
		{4BF03D44-AAB6-4F9F-B6A0-5C1A6582F8A2}.Debug|Any CPU.Build.0 = Debug|Any CPU
		{4BF03D44-AAB6-4F9F-B6A0-5C1A6582F8A2}.Release|Any CPU.ActiveCfg = Release|Any CPU
		{4BF03D44-AAB6-4F9F-B6A0-5C1A6582F8A2}.Release|Any CPU.Build.0 = Release|Any CPU
		{B3FAA4AB-C7A3-48EF-87F4-DBCEACFBF222}.Debug|Any CPU.ActiveCfg = Debug|Any CPU
		{B3FAA4AB-C7A3-48EF-87F4-DBCEACFBF222}.Debug|Any CPU.Build.0 = Debug|Any CPU
		{B3FAA4AB-C7A3-48EF-87F4-DBCEACFBF222}.Release|Any CPU.ActiveCfg = Release|Any CPU
		{B3FAA4AB-C7A3-48EF-87F4-DBCEACFBF222}.Release|Any CPU.Build.0 = Release|Any CPU
		{4E90153C-E12B-4AC2-ACD5-ED2601BF61A7}.Debug|Any CPU.ActiveCfg = Debug|Any CPU
		{4E90153C-E12B-4AC2-ACD5-ED2601BF61A7}.Debug|Any CPU.Build.0 = Debug|Any CPU
		{4E90153C-E12B-4AC2-ACD5-ED2601BF61A7}.Release|Any CPU.ActiveCfg = Release|Any CPU
		{4E90153C-E12B-4AC2-ACD5-ED2601BF61A7}.Release|Any CPU.Build.0 = Release|Any CPU
		{E05BA467-0E24-4727-A4BC-56C75F8EE14F}.Debug|Any CPU.ActiveCfg = Debug|Any CPU
		{E05BA467-0E24-4727-A4BC-56C75F8EE14F}.Debug|Any CPU.Build.0 = Debug|Any CPU
		{E05BA467-0E24-4727-A4BC-56C75F8EE14F}.Release|Any CPU.ActiveCfg = Release|Any CPU
		{E05BA467-0E24-4727-A4BC-56C75F8EE14F}.Release|Any CPU.Build.0 = Release|Any CPU
		{9744F96A-DD05-4EDB-88CB-6386BA108690}.Debug|Any CPU.ActiveCfg = Debug|Any CPU
		{9744F96A-DD05-4EDB-88CB-6386BA108690}.Debug|Any CPU.Build.0 = Debug|Any CPU
		{9744F96A-DD05-4EDB-88CB-6386BA108690}.Release|Any CPU.ActiveCfg = Release|Any CPU
		{9744F96A-DD05-4EDB-88CB-6386BA108690}.Release|Any CPU.Build.0 = Release|Any CPU
		{0543D8CC-1BAA-4632-BD4D-7D2C07D0F934}.Debug|Any CPU.ActiveCfg = Debug|Any CPU
		{0543D8CC-1BAA-4632-BD4D-7D2C07D0F934}.Debug|Any CPU.Build.0 = Debug|Any CPU
		{0543D8CC-1BAA-4632-BD4D-7D2C07D0F934}.Release|Any CPU.ActiveCfg = Release|Any CPU
		{0543D8CC-1BAA-4632-BD4D-7D2C07D0F934}.Release|Any CPU.Build.0 = Release|Any CPU
		{3C413859-77E7-4999-A79D-7101B1C6E8FB}.Debug|Any CPU.ActiveCfg = Debug|Any CPU
		{3C413859-77E7-4999-A79D-7101B1C6E8FB}.Debug|Any CPU.Build.0 = Debug|Any CPU
		{3C413859-77E7-4999-A79D-7101B1C6E8FB}.Release|Any CPU.ActiveCfg = Release|Any CPU
		{3C413859-77E7-4999-A79D-7101B1C6E8FB}.Release|Any CPU.Build.0 = Release|Any CPU
		{9AE4DBB6-91E6-49B0-9A5A-3CA0121E1D11}.Debug|Any CPU.ActiveCfg = Debug|Any CPU
		{9AE4DBB6-91E6-49B0-9A5A-3CA0121E1D11}.Debug|Any CPU.Build.0 = Debug|Any CPU
		{9AE4DBB6-91E6-49B0-9A5A-3CA0121E1D11}.Release|Any CPU.ActiveCfg = Release|Any CPU
		{9AE4DBB6-91E6-49B0-9A5A-3CA0121E1D11}.Release|Any CPU.Build.0 = Release|Any CPU
		{E97AAB44-8A1E-49B2-8488-A3294FE86C49}.Debug|Any CPU.ActiveCfg = Debug|Any CPU
		{E97AAB44-8A1E-49B2-8488-A3294FE86C49}.Debug|Any CPU.Build.0 = Debug|Any CPU
		{E97AAB44-8A1E-49B2-8488-A3294FE86C49}.Release|Any CPU.ActiveCfg = Release|Any CPU
		{E97AAB44-8A1E-49B2-8488-A3294FE86C49}.Release|Any CPU.Build.0 = Release|Any CPU
		{26027EA0-0A8C-48C0-A2DD-411D2F3BFD5A}.Debug|Any CPU.ActiveCfg = Debug|Any CPU
		{26027EA0-0A8C-48C0-A2DD-411D2F3BFD5A}.Debug|Any CPU.Build.0 = Debug|Any CPU
		{26027EA0-0A8C-48C0-A2DD-411D2F3BFD5A}.Release|Any CPU.ActiveCfg = Release|Any CPU
		{26027EA0-0A8C-48C0-A2DD-411D2F3BFD5A}.Release|Any CPU.Build.0 = Release|Any CPU
		{4EC411E7-D71A-49AD-A656-5FD0EBD7E642}.Debug|Any CPU.ActiveCfg = Debug|Any CPU
		{4EC411E7-D71A-49AD-A656-5FD0EBD7E642}.Debug|Any CPU.Build.0 = Debug|Any CPU
		{4EC411E7-D71A-49AD-A656-5FD0EBD7E642}.Release|Any CPU.ActiveCfg = Release|Any CPU
		{4EC411E7-D71A-49AD-A656-5FD0EBD7E642}.Release|Any CPU.Build.0 = Release|Any CPU
		{451DFF22-E40A-4F8F-A81E-60F8FD6E804A}.Debug|Any CPU.ActiveCfg = Debug|Any CPU
		{451DFF22-E40A-4F8F-A81E-60F8FD6E804A}.Debug|Any CPU.Build.0 = Debug|Any CPU
		{451DFF22-E40A-4F8F-A81E-60F8FD6E804A}.Release|Any CPU.ActiveCfg = Release|Any CPU
		{451DFF22-E40A-4F8F-A81E-60F8FD6E804A}.Release|Any CPU.Build.0 = Release|Any CPU
		{ECED4570-C8EA-4EF4-8B34-60A463B7CCAF}.Debug|Any CPU.ActiveCfg = Debug|Any CPU
		{ECED4570-C8EA-4EF4-8B34-60A463B7CCAF}.Debug|Any CPU.Build.0 = Debug|Any CPU
		{ECED4570-C8EA-4EF4-8B34-60A463B7CCAF}.Release|Any CPU.ActiveCfg = Release|Any CPU
		{ECED4570-C8EA-4EF4-8B34-60A463B7CCAF}.Release|Any CPU.Build.0 = Release|Any CPU
		{5284D802-A4E7-4391-BF5C-A72080493E6E}.Debug|Any CPU.ActiveCfg = Debug|Any CPU
		{5284D802-A4E7-4391-BF5C-A72080493E6E}.Debug|Any CPU.Build.0 = Debug|Any CPU
		{5284D802-A4E7-4391-BF5C-A72080493E6E}.Release|Any CPU.ActiveCfg = Release|Any CPU
		{5284D802-A4E7-4391-BF5C-A72080493E6E}.Release|Any CPU.Build.0 = Release|Any CPU
		{ACAE1CBA-7F3B-4E48-A50A-BBEE7060EB0A}.Debug|Any CPU.ActiveCfg = Debug|Any CPU
		{ACAE1CBA-7F3B-4E48-A50A-BBEE7060EB0A}.Debug|Any CPU.Build.0 = Debug|Any CPU
		{ACAE1CBA-7F3B-4E48-A50A-BBEE7060EB0A}.Release|Any CPU.ActiveCfg = Release|Any CPU
		{ACAE1CBA-7F3B-4E48-A50A-BBEE7060EB0A}.Release|Any CPU.Build.0 = Release|Any CPU
		{BF69C236-0A37-43AB-A18D-27667BACC3C6}.Debug|Any CPU.ActiveCfg = Debug|Any CPU
		{BF69C236-0A37-43AB-A18D-27667BACC3C6}.Debug|Any CPU.Build.0 = Debug|Any CPU
		{BF69C236-0A37-43AB-A18D-27667BACC3C6}.Release|Any CPU.ActiveCfg = Release|Any CPU
		{BF69C236-0A37-43AB-A18D-27667BACC3C6}.Release|Any CPU.Build.0 = Release|Any CPU
		{3A9FCD07-7F4A-4C11-916C-8F683F06CA9F}.Debug|Any CPU.ActiveCfg = Debug|Any CPU
		{3A9FCD07-7F4A-4C11-916C-8F683F06CA9F}.Debug|Any CPU.Build.0 = Debug|Any CPU
		{3A9FCD07-7F4A-4C11-916C-8F683F06CA9F}.Release|Any CPU.ActiveCfg = Release|Any CPU
		{3A9FCD07-7F4A-4C11-916C-8F683F06CA9F}.Release|Any CPU.Build.0 = Release|Any CPU
		{7EF82B80-F172-47FC-B804-B9FEC341E20A}.Debug|Any CPU.ActiveCfg = Debug|Any CPU
		{7EF82B80-F172-47FC-B804-B9FEC341E20A}.Debug|Any CPU.Build.0 = Debug|Any CPU
		{7EF82B80-F172-47FC-B804-B9FEC341E20A}.Release|Any CPU.ActiveCfg = Release|Any CPU
		{7EF82B80-F172-47FC-B804-B9FEC341E20A}.Release|Any CPU.Build.0 = Release|Any CPU
	EndGlobalSection
	GlobalSection(SolutionProperties) = preSolution
		HideSolutionNode = FALSE
	EndGlobalSection
	GlobalSection(NestedProjects) = preSolution
		{9BAFDD13-7F5B-7E80-65FD-7ABF431DFA19} = {36D591C7-65C7-A0D1-1CBC-10CDE441BDC8}
		{60157730-2CAE-4406-8737-3C7069D99DBD} = {834A2A2D-C54F-4F98-A4B0-9DF31F5D6408}
		{B4B111A4-BFF9-4F72-A1BB-FAA75CE540A1} = {834A2A2D-C54F-4F98-A4B0-9DF31F5D6408}
		{9DB86DAA-08A6-425C-8A24-2EDC8AE2B71A} = {834A2A2D-C54F-4F98-A4B0-9DF31F5D6408}
		{9548AABA-1AED-4338-B59E-1E5BE6AC09B1} = {834A2A2D-C54F-4F98-A4B0-9DF31F5D6408}
		{4B02BBFB-CCC9-49CB-9779-16F0FF355104} = {834A2A2D-C54F-4F98-A4B0-9DF31F5D6408}
		{5AAF6DF6-3E4C-4814-B138-3BEB8F1E358D} = {4B02BBFB-CCC9-49CB-9779-16F0FF355104}
		{D1D60BC7-6D96-43EA-B2AA-D638169F0C2B} = {4B02BBFB-CCC9-49CB-9779-16F0FF355104}
		{123FCCFA-547A-4314-AA62-87DE5504D85B} = {4B02BBFB-CCC9-49CB-9779-16F0FF355104}
		{52FB0F38-875C-429E-8FB8-0BC78C7B29A9} = {4B02BBFB-CCC9-49CB-9779-16F0FF355104}
		{6F977A9E-1025-4384-8AD6-8C33338B8D0C} = {4B02BBFB-CCC9-49CB-9779-16F0FF355104}
		{0DBB81D4-B53A-4193-86CD-692570857866} = {6F977A9E-1025-4384-8AD6-8C33338B8D0C}
		{739B110E-2A40-4423-B076-8F4F75C85F68} = {6F977A9E-1025-4384-8AD6-8C33338B8D0C}
		{346B7831-2AEC-4D82-AC2D-6F44E3F00594} = {6F977A9E-1025-4384-8AD6-8C33338B8D0C}
		{0B0975E3-2615-4C8C-A933-CE76E581E2DF} = {123FCCFA-547A-4314-AA62-87DE5504D85B}
		{59214297-0AB0-4E1F-B2C0-A425A5E660A5} = {6F977A9E-1025-4384-8AD6-8C33338B8D0C}
		{34923151-1EAC-407A-9E89-514530A89B80} = {5AAF6DF6-3E4C-4814-B138-3BEB8F1E358D}
		{C4C12057-A6A2-4B20-B48D-A57D3541695B} = {9548AABA-1AED-4338-B59E-1E5BE6AC09B1}
		{73F909D3-9952-6B5E-0E51-A1B6B62AAAC6} = {C4C12057-A6A2-4B20-B48D-A57D3541695B}
		{A9CC1436-3160-D328-C7D2-2614517A5C77} = {C4C12057-A6A2-4B20-B48D-A57D3541695B}
		{3015DD5B-601B-8F08-9935-FE5E8D8EA6EE} = {C4C12057-A6A2-4B20-B48D-A57D3541695B}
		{38F7A1A0-ED2F-B814-936D-42B8D56A229B} = {C4C12057-A6A2-4B20-B48D-A57D3541695B}
		{48ABCDE7-5A0D-4CF3-99AC-D9B990C57EC0} = {5AAF6DF6-3E4C-4814-B138-3BEB8F1E358D}
		{70C52397-1B05-4C3D-BED2-71C7BE838C3D} = {C4C12057-A6A2-4B20-B48D-A57D3541695B}
		{4BF03D44-AAB6-4F9F-B6A0-5C1A6582F8A2} = {70C52397-1B05-4C3D-BED2-71C7BE838C3D}
		{B3FAA4AB-C7A3-48EF-87F4-DBCEACFBF222} = {5AAF6DF6-3E4C-4814-B138-3BEB8F1E358D}
		{1A1A0BCB-3532-4E6F-A004-EFDC1774B38F} = {9548AABA-1AED-4338-B59E-1E5BE6AC09B1}
		{4E90153C-E12B-4AC2-ACD5-ED2601BF61A7} = {1A1A0BCB-3532-4E6F-A004-EFDC1774B38F}
		{E05BA467-0E24-4727-A4BC-56C75F8EE14F} = {1A1A0BCB-3532-4E6F-A004-EFDC1774B38F}
		{9744F96A-DD05-4EDB-88CB-6386BA108690} = {1A1A0BCB-3532-4E6F-A004-EFDC1774B38F}
		{0543D8CC-1BAA-4632-BD4D-7D2C07D0F934} = {1A1A0BCB-3532-4E6F-A004-EFDC1774B38F}
		{3C413859-77E7-4999-A79D-7101B1C6E8FB} = {B4B111A4-BFF9-4F72-A1BB-FAA75CE540A1}
		{9AE4DBB6-91E6-49B0-9A5A-3CA0121E1D11} = {60157730-2CAE-4406-8737-3C7069D99DBD}
		{E97AAB44-8A1E-49B2-8488-A3294FE86C49} = {52FB0F38-875C-429E-8FB8-0BC78C7B29A9}
		{26027EA0-0A8C-48C0-A2DD-411D2F3BFD5A} = {B4B111A4-BFF9-4F72-A1BB-FAA75CE540A1}
		{4EC411E7-D71A-49AD-A656-5FD0EBD7E642} = {B4B111A4-BFF9-4F72-A1BB-FAA75CE540A1}
		{451DFF22-E40A-4F8F-A81E-60F8FD6E804A} = {60157730-2CAE-4406-8737-3C7069D99DBD}
		{ECED4570-C8EA-4EF4-8B34-60A463B7CCAF} = {B4B111A4-BFF9-4F72-A1BB-FAA75CE540A1}
		{53C3C7EC-D069-4719-A790-70BFAF5D892E} = {D1D60BC7-6D96-43EA-B2AA-D638169F0C2B}
		{5284D802-A4E7-4391-BF5C-A72080493E6E} = {53C3C7EC-D069-4719-A790-70BFAF5D892E}
		{ACAE1CBA-7F3B-4E48-A50A-BBEE7060EB0A} = {53C3C7EC-D069-4719-A790-70BFAF5D892E}
		{BF69C236-0A37-43AB-A18D-27667BACC3C6} = {53C3C7EC-D069-4719-A790-70BFAF5D892E}
		{3A9FCD07-7F4A-4C11-916C-8F683F06CA9F} = {53C3C7EC-D069-4719-A790-70BFAF5D892E}
		{7EF82B80-F172-47FC-B804-B9FEC341E20A} = {53C3C7EC-D069-4719-A790-70BFAF5D892E}
	EndGlobalSection
	GlobalSection(ExtensibilityGlobals) = postSolution
		SolutionGuid = {B55E38C3-87A3-4F4A-8270-F0D69B972C41}
	EndGlobalSection
EndGlobal
